
Microsoft Visual Studio Solution File, Format Version 12.00
# Visual Studio Version 17
VisualStudioVersion = 17.10.35027.167
MinimumVisualStudioVersion = 10.0.40219.1
Project("{FAE04EC0-301F-11D3-BF4B-00C04F79EFBC}") = "InventoryManagementSystem", "InventoryManagementSystem.csproj", "{96EAB912-9B61-4C2D-9871-0BC2E24838DF}"
EndProject
Global
	GlobalSection(SolutionConfigurationPlatforms) = preSolution
		Debug|Any CPU = Debug|Any CPU
		Release|Any CPU = Release|Any CPU
	EndGlobalSection
	GlobalSection(ProjectConfigurationPlatforms) = postSolution
		{96EAB912-9B61-4C2D-9871-0BC2E24838DF}.Debug|Any CPU.ActiveCfg = Debug|Any CPU
		{96EAB912-9B61-4C2D-9871-0BC2E24838DF}.Debug|Any CPU.Build.0 = Debug|Any CPU
		{96EAB912-9B61-4C2D-9871-0BC2E24838DF}.Release|Any CPU.ActiveCfg = Release|Any CPU
		{96EAB912-9B61-4C2D-9871-0BC2E24838DF}.Release|Any CPU.Build.0 = Release|Any CPU
	EndGlobalSection
	GlobalSection(SolutionProperties) = preSolution
		HideSolutionNode = FALSE
	EndGlobalSection
	GlobalSection(ExtensibilityGlobals) = postSolution
		SolutionGuid = {C3510115-6210-4CAA-974F-96CB040465C0}
	EndGlobalSection
EndGlobal
